{
    "name": "isometric_grid",
    "version": "1.0.0",
    "lockfileVersion": 2,
    "requires": true,
    "packages": {
        "": {
            "name": "isometric_grid",
            "version": "1.0.0",
            "license": "ISC",
            "devDependencies": {
                "@types/gl-matrix": "^3.2.0"
            }
        },
        "node_modules/@types/gl-matrix": {
            "version": "3.2.0",
            "resolved": "https://registry.npmjs.org/@types/gl-matrix/-/gl-matrix-3.2.0.tgz",
            "integrity": "sha512-CY4JAtSOGQX7rVgqVuOk7ZfaLv8VeadDMPj3smMOy8Hp/YiHONa3Mr0mEUgbo0eEwV7+Owpf6BwspcA7hv4NXg==",
            "deprecated": "This is a stub types definition. gl-matrix provides its own type definitions, so you do not need this installed.",
            "dev": true,
            "dependencies": {
                "gl-matrix": "*"
            }
        },
        "node_modules/gl-matrix": {
            "version": "3.4.3",
            "resolved": "https://registry.npmjs.org/gl-matrix/-/gl-matrix-3.4.3.tgz",
            "integrity": "sha512-wcCp8vu8FT22BnvKVPjXa/ICBWRq/zjFfdofZy1WSpQZpphblv12/bOQLBC1rMM7SGOFS9ltVmKOHil5+Ml7gA==",
            "dev": true
        }
    },
    "dependencies": {
        "@types/gl-matrix": {
            "version": "3.2.0",
            "resolved": "https://registry.npmjs.org/@types/gl-matrix/-/gl-matrix-3.2.0.tgz",
            "integrity": "sha512-CY4JAtSOGQX7rVgqVuOk7ZfaLv8VeadDMPj3smMOy8Hp/YiHONa3Mr0mEUgbo0eEwV7+Owpf6BwspcA7hv4NXg==",
            "dev": true,
            "requires": {
                "gl-matrix": "*"
            }
        },
        "gl-matrix": {
            "version": "3.4.3",
            "resolved": "https://registry.npmjs.org/gl-matrix/-/gl-matrix-3.4.3.tgz",
            "integrity": "sha512-wcCp8vu8FT22BnvKVPjXa/ICBWRq/zjFfdofZy1WSpQZpphblv12/bOQLBC1rMM7SGOFS9ltVmKOHil5+Ml7gA==",
            "dev": true
        }
    }
}
